
Microsoft Visual Studio Solution File, Format Version 12.00
# Visual Studio Version 17
VisualStudioVersion = 17.3.32825.248
MinimumVisualStudioVersion = 10.0.40219.1
Project("{FAE04EC0-301F-11D3-BF4B-00C04F79EFBC}") = "Act6_Heritage_Ex3", "Act6_Heritage_Ex3\Act6_Heritage_Ex3.csproj", "{8255EE94-0615-489C-82F8-CBD612A5A031}"
EndProject
Global
	GlobalSection(SolutionConfigurationPlatforms) = preSolution
		Debug|Any CPU = Debug|Any CPU
		Release|Any CPU = Release|Any CPU
	EndGlobalSection
	GlobalSection(ProjectConfigurationPlatforms) = postSolution
		{8255EE94-0615-489C-82F8-CBD612A5A031}.Debug|Any CPU.ActiveCfg = Debug|Any CPU
		{8255EE94-0615-489C-82F8-CBD612A5A031}.Debug|Any CPU.Build.0 = Debug|Any CPU
		{8255EE94-0615-489C-82F8-CBD612A5A031}.Release|Any CPU.ActiveCfg = Release|Any CPU
		{8255EE94-0615-489C-82F8-CBD612A5A031}.Release|Any CPU.Build.0 = Release|Any CPU
	EndGlobalSection
	GlobalSection(SolutionProperties) = preSolution
		HideSolutionNode = FALSE
	EndGlobalSection
	GlobalSection(ExtensibilityGlobals) = postSolution
		SolutionGuid = {675DC5D8-E755-4590-BD67-5E7F12BC1640}
	EndGlobalSection
EndGlobal
